// !$*UTF8*$!
{
	archiveVersion = 1;
	classes = {
	};
	objectVersion = 46;
	objects = {

/* Begin PBXBuildFile section */
		2A196B291ACAFC4B005DA6B8 /* Foundation.framework in Frameworks */ = {isa = PBXBuildFile; fileRef = 2A196B281ACAFC4B005DA6B8 /* Foundation.framework */; };
		2A196B2B1ACAFC4B005DA6B8 /* CoreGraphics.framework in Frameworks */ = {isa = PBXBuildFile; fileRef = 2A196B2A1ACAFC4B005DA6B8 /* CoreGraphics.framework */; };
		2A196B2D1ACAFC4B005DA6B8 /* UIKit.framework in Frameworks */ = {isa = PBXBuildFile; fileRef = 2A196B2C1ACAFC4B005DA6B8 /* UIKit.framework */; };
		2A196B331ACAFC4B005DA6B8 /* InfoPlist.strings in Resources */ = {isa = PBXBuildFile; fileRef = 2A196B311ACAFC4B005DA6B8 /* InfoPlist.strings */; };
		2A196B351ACAFC4B005DA6B8 /* main.m in Sources */ = {isa = PBXBuildFile; fileRef = 2A196B341ACAFC4B005DA6B8 /* main.m */; };
		2A196B391ACAFC4B005DA6B8 /* JSAppDelegate.m in Sources */ = {isa = PBXBuildFile; fileRef = 2A196B381ACAFC4B005DA6B8 /* JSAppDelegate.m */; };
		2A196B3C1ACAFC4B005DA6B8 /* Main.storyboard in Resources */ = {isa = PBXBuildFile; fileRef = 2A196B3A1ACAFC4B005DA6B8 /* Main.storyboard */; };
		2A196B3F1ACAFC4B005DA6B8 /* JSViewController.m in Sources */ = {isa = PBXBuildFile; fileRef = 2A196B3E1ACAFC4B005DA6B8 /* JSViewController.m */; };
		2A196B411ACAFC4B005DA6B8 /* Images.xcassets in Resources */ = {isa = PBXBuildFile; fileRef = 2A196B401ACAFC4B005DA6B8 /* Images.xcassets */; };
		2A196B481ACAFC4B005DA6B8 /* XCTest.framework in Frameworks */ = {isa = PBXBuildFile; fileRef = 2A196B471ACAFC4B005DA6B8 /* XCTest.framework */; };
		2A196B491ACAFC4C005DA6B8 /* Foundation.framework in Frameworks */ = {isa = PBXBuildFile; fileRef = 2A196B281ACAFC4B005DA6B8 /* Foundation.framework */; };
		2A196B4A1ACAFC4C005DA6B8 /* UIKit.framework in Frameworks */ = {isa = PBXBuildFile; fileRef = 2A196B2C1ACAFC4B005DA6B8 /* UIKit.framework */; };
		2A196B521ACAFC4C005DA6B8 /* InfoPlist.strings in Resources */ = {isa = PBXBuildFile; fileRef = 2A196B501ACAFC4C005DA6B8 /* InfoPlist.strings */; };
		2A196B541ACAFC4C005DA6B8 /* TestingAFNetworking_JSONTests.m in Sources */ = {isa = PBXBuildFile; fileRef = 2A196B531ACAFC4C005DA6B8 /* TestingAFNetworking_JSONTests.m */; };
		5A0DD7E349ECD79BC311D973 /* libPods-TestingAFNetworking+JSON.a in Frameworks */ = {isa = PBXBuildFile; fileRef = 2DEBE806B7B0BEA083ED9E7E /* libPods-TestingAFNetworking+JSON.a */; };
/* End PBXBuildFile section */

/* Begin PBXContainerItemProxy section */
		2A196B4B1ACAFC4C005DA6B8 /* PBXContainerItemProxy */ = {
			isa = PBXContainerItemProxy;
			containerPortal = 2A196B1D1ACAFC4B005DA6B8 /* Project object */;
			proxyType = 1;
			remoteGlobalIDString = 2A196B241ACAFC4B005DA6B8;
			remoteInfo = "TestingAFNetworking+JSON";
		};
/* End PBXContainerItemProxy section */

/* Begin PBXFileReference section */
		2A196B251ACAFC4B005DA6B8 /* TestingAFNetworking+JSON.app */ = {isa = PBXFileReference; explicitFileType = wrapper.application; includeInIndex = 0; path = "TestingAFNetworking+JSON.app"; sourceTree = BUILT_PRODUCTS_DIR; };
		2A196B281ACAFC4B005DA6B8 /* Foundation.framework */ = {isa = PBXFileReference; lastKnownFileType = wrapper.framework; name = Foundation.framework; path = System/Library/Frameworks/Foundation.framework; sourceTree = SDKROOT; };
		2A196B2A1ACAFC4B005DA6B8 /* CoreGraphics.framework */ = {isa = PBXFileReference; lastKnownFileType = wrapper.framework; name = CoreGraphics.framework; path = System/Library/Frameworks/CoreGraphics.framework; sourceTree = SDKROOT; };
		2A196B2C1ACAFC4B005DA6B8 /* UIKit.framework */ = {isa = PBXFileReference; lastKnownFileType = wrapper.framework; name = UIKit.framework; path = System/Library/Frameworks/UIKit.framework; sourceTree = SDKROOT; };
		2A196B301ACAFC4B005DA6B8 /* TestingAFNetworking+JSON-Info.plist */ = {isa = PBXFileReference; lastKnownFileType = text.plist.xml; path = "TestingAFNetworking+JSON-Info.plist"; sourceTree = "<group>"; };
		2A196B321ACAFC4B005DA6B8 /* en */ = {isa = PBXFileReference; lastKnownFileType = text.plist.strings; name = en; path = en.lproj/InfoPlist.strings; sourceTree = "<group>"; };
		2A196B341ACAFC4B005DA6B8 /* main.m */ = {isa = PBXFileReference; lastKnownFileType = sourcecode.c.objc; path = main.m; sourceTree = "<group>"; };
		2A196B361ACAFC4B005DA6B8 /* TestingAFNetworking+JSON-Prefix.pch */ = {isa = PBXFileReference; lastKnownFileType = sourcecode.c.h; path = "TestingAFNetworking+JSON-Prefix.pch"; sourceTree = "<group>"; };
		2A196B371ACAFC4B005DA6B8 /* JSAppDelegate.h */ = {isa = PBXFileReference; lastKnownFileType = sourcecode.c.h; path = JSAppDelegate.h; sourceTree = "<group>"; };
		2A196B381ACAFC4B005DA6B8 /* JSAppDelegate.m */ = {isa = PBXFileReference; lastKnownFileType = sourcecode.c.objc; path = JSAppDelegate.m; sourceTree = "<group>"; };
		2A196B3B1ACAFC4B005DA6B8 /* Base */ = {isa = PBXFileReference; lastKnownFileType = file.storyboard; name = Base; path = Base.lproj/Main.storyboard; sourceTree = "<group>"; };
		2A196B3D1ACAFC4B005DA6B8 /* JSViewController.h */ = {isa = PBXFileReference; lastKnownFileType = sourcecode.c.h; path = JSViewController.h; sourceTree = "<group>"; };
		2A196B3E1ACAFC4B005DA6B8 /* JSViewController.m */ = {isa = PBXFileReference; lastKnownFileType = sourcecode.c.objc; path = JSViewController.m; sourceTree = "<group>"; };
		2A196B401ACAFC4B005DA6B8 /* Images.xcassets */ = {isa = PBXFileReference; lastKnownFileType = folder.assetcatalog; path = Images.xcassets; sourceTree = "<group>"; };
		2A196B461ACAFC4B005DA6B8 /* TestingAFNetworking+JSONTests.xctest */ = {isa = PBXFileReference; explicitFileType = wrapper.cfbundle; includeInIndex = 0; path = "TestingAFNetworking+JSONTests.xctest"; sourceTree = BUILT_PRODUCTS_DIR; };
		2A196B471ACAFC4B005DA6B8 /* XCTest.framework */ = {isa = PBXFileReference; lastKnownFileType = wrapper.framework; name = XCTest.framework; path = Library/Frameworks/XCTest.framework; sourceTree = DEVELOPER_DIR; };
		2A196B4F1ACAFC4C005DA6B8 /* TestingAFNetworking+JSONTests-Info.plist */ = {isa = PBXFileReference; lastKnownFileType = text.plist.xml; path = "TestingAFNetworking+JSONTests-Info.plist"; sourceTree = "<group>"; };
		2A196B511ACAFC4C005DA6B8 /* en */ = {isa = PBXFileReference; lastKnownFileType = text.plist.strings; name = en; path = en.lproj/InfoPlist.strings; sourceTree = "<group>"; };
		2A196B531ACAFC4C005DA6B8 /* TestingAFNetworking_JSONTests.m */ = {isa = PBXFileReference; lastKnownFileType = sourcecode.c.objc; path = TestingAFNetworking_JSONTests.m; sourceTree = "<group>"; };
		2DEBE806B7B0BEA083ED9E7E /* libPods-TestingAFNetworking+JSON.a */ = {isa = PBXFileReference; explicitFileType = archive.ar; includeInIndex = 0; path = "libPods-TestingAFNetworking+JSON.a"; sourceTree = BUILT_PRODUCTS_DIR; };
		8090557388B6A4DE283B1D18 /* Pods-TestingAFNetworking+JSON.release.xcconfig */ = {isa = PBXFileReference; includeInIndex = 1; lastKnownFileType = text.xcconfig; name = "Pods-TestingAFNetworking+JSON.release.xcconfig"; path = "Pods/Target Support Files/Pods-TestingAFNetworking+JSON/Pods-TestingAFNetworking+JSON.release.xcconfig"; sourceTree = "<group>"; };
		8EB954FE19569EC10AE9D4C2 /* Pods-TestingAFNetworking+JSON.debug.xcconfig */ = {isa = PBXFileReference; includeInIndex = 1; lastKnownFileType = text.xcconfig; name = "Pods-TestingAFNetworking+JSON.debug.xcconfig"; path = "Pods/Target Support Files/Pods-TestingAFNetworking+JSON/Pods-TestingAFNetworking+JSON.debug.xcconfig"; sourceTree = "<group>"; };
/* End PBXFileReference section */

/* Begin PBXFrameworksBuildPhase section */
		2A196B221ACAFC4B005DA6B8 /* Frameworks */ = {
			isa = PBXFrameworksBuildPhase;
			buildActionMask = 2147483647;
			files = (
				2A196B2B1ACAFC4B005DA6B8 /* CoreGraphics.framework in Frameworks */,
				2A196B2D1ACAFC4B005DA6B8 /* UIKit.framework in Frameworks */,
				2A196B291ACAFC4B005DA6B8 /* Foundation.framework in Frameworks */,
				5A0DD7E349ECD79BC311D973 /* libPods-TestingAFNetworking+JSON.a in Frameworks */,
			);
			runOnlyForDeploymentPostprocessing = 0;
		};
		2A196B431ACAFC4B005DA6B8 /* Frameworks */ = {
			isa = PBXFrameworksBuildPhase;
			buildActionMask = 2147483647;
			files = (
				2A196B481ACAFC4B005DA6B8 /* XCTest.framework in Frameworks */,
				2A196B4A1ACAFC4C005DA6B8 /* UIKit.framework in Frameworks */,
				2A196B491ACAFC4C005DA6B8 /* Foundation.framework in Frameworks */,
			);
			runOnlyForDeploymentPostprocessing = 0;
		};
/* End PBXFrameworksBuildPhase section */

/* Begin PBXGroup section */
		2A196B1C1ACAFC4B005DA6B8 = {
			isa = PBXGroup;
			children = (
				2A196B2E1ACAFC4B005DA6B8 /* TestingAFNetworking+JSON */,
				2A196B4D1ACAFC4C005DA6B8 /* TestingAFNetworking+JSONTests */,
				2A196B271ACAFC4B005DA6B8 /* Frameworks */,
				2A196B261ACAFC4B005DA6B8 /* Products */,
				6570E65FC30A844290DFD1DA /* Pods */,
			);
			sourceTree = "<group>";
		};
		2A196B261ACAFC4B005DA6B8 /* Products */ = {
			isa = PBXGroup;
			children = (
				2A196B251ACAFC4B005DA6B8 /* TestingAFNetworking+JSON.app */,
				2A196B461ACAFC4B005DA6B8 /* TestingAFNetworking+JSONTests.xctest */,
			);
			name = Products;
			sourceTree = "<group>";
		};
		2A196B271ACAFC4B005DA6B8 /* Frameworks */ = {
			isa = PBXGroup;
			children = (
				2A196B281ACAFC4B005DA6B8 /* Foundation.framework */,
				2A196B2A1ACAFC4B005DA6B8 /* CoreGraphics.framework */,
				2A196B2C1ACAFC4B005DA6B8 /* UIKit.framework */,
				2A196B471ACAFC4B005DA6B8 /* XCTest.framework */,
				2DEBE806B7B0BEA083ED9E7E /* libPods-TestingAFNetworking+JSON.a */,
			);
			name = Frameworks;
			sourceTree = "<group>";
		};
		2A196B2E1ACAFC4B005DA6B8 /* TestingAFNetworking+JSON */ = {
			isa = PBXGroup;
			children = (
				2A196B371ACAFC4B005DA6B8 /* JSAppDelegate.h */,
				2A196B381ACAFC4B005DA6B8 /* JSAppDelegate.m */,
				2A196B3A1ACAFC4B005DA6B8 /* Main.storyboard */,
				2A196B3D1ACAFC4B005DA6B8 /* JSViewController.h */,
				2A196B3E1ACAFC4B005DA6B8 /* JSViewController.m */,
				2A196B401ACAFC4B005DA6B8 /* Images.xcassets */,
				2A196B2F1ACAFC4B005DA6B8 /* Supporting Files */,
			);
			path = "TestingAFNetworking+JSON";
			sourceTree = "<group>";
		};
		2A196B2F1ACAFC4B005DA6B8 /* Supporting Files */ = {
			isa = PBXGroup;
			children = (
				2A196B301ACAFC4B005DA6B8 /* TestingAFNetworking+JSON-Info.plist */,
				2A196B311ACAFC4B005DA6B8 /* InfoPlist.strings */,
				2A196B341ACAFC4B005DA6B8 /* main.m */,
				2A196B361ACAFC4B005DA6B8 /* TestingAFNetworking+JSON-Prefix.pch */,
			);
			name = "Supporting Files";
			sourceTree = "<group>";
		};
		2A196B4D1ACAFC4C005DA6B8 /* TestingAFNetworking+JSONTests */ = {
			isa = PBXGroup;
			children = (
				2A196B531ACAFC4C005DA6B8 /* TestingAFNetworking_JSONTests.m */,
				2A196B4E1ACAFC4C005DA6B8 /* Supporting Files */,
			);
			path = "TestingAFNetworking+JSONTests";
			sourceTree = "<group>";
		};
		2A196B4E1ACAFC4C005DA6B8 /* Supporting Files */ = {
			isa = PBXGroup;
			children = (
				2A196B4F1ACAFC4C005DA6B8 /* TestingAFNetworking+JSONTests-Info.plist */,
				2A196B501ACAFC4C005DA6B8 /* InfoPlist.strings */,
			);
			name = "Supporting Files";
			sourceTree = "<group>";
		};
		6570E65FC30A844290DFD1DA /* Pods */ = {
			isa = PBXGroup;
			children = (
				8EB954FE19569EC10AE9D4C2 /* Pods-TestingAFNetworking+JSON.debug.xcconfig */,
				8090557388B6A4DE283B1D18 /* Pods-TestingAFNetworking+JSON.release.xcconfig */,
			);
			name = Pods;
			sourceTree = "<group>";
		};
/* End PBXGroup section */

/* Begin PBXNativeTarget section */
		2A196B241ACAFC4B005DA6B8 /* TestingAFNetworking+JSON */ = {
			isa = PBXNativeTarget;
			buildConfigurationList = 2A196B571ACAFC4C005DA6B8 /* Build configuration list for PBXNativeTarget "TestingAFNetworking+JSON" */;
			buildPhases = (
				BC970C2EF2518929D6CFC34F /* Check Pods Manifest.lock */,
				2A196B211ACAFC4B005DA6B8 /* Sources */,
				2A196B221ACAFC4B005DA6B8 /* Frameworks */,
				2A196B231ACAFC4B005DA6B8 /* Resources */,
				6C87247690451534F1BF82E9 /* Copy Pods Resources */,
			);
			buildRules = (
			);
			dependencies = (
			);
			name = "TestingAFNetworking+JSON";
			productName = "TestingAFNetworking+JSON";
			productReference = 2A196B251ACAFC4B005DA6B8 /* TestingAFNetworking+JSON.app */;
			productType = "com.apple.product-type.application";
		};
		2A196B451ACAFC4B005DA6B8 /* TestingAFNetworking+JSONTests */ = {
			isa = PBXNativeTarget;
			buildConfigurationList = 2A196B5A1ACAFC4C005DA6B8 /* Build configuration list for PBXNativeTarget "TestingAFNetworking+JSONTests" */;
			buildPhases = (
				2A196B421ACAFC4B005DA6B8 /* Sources */,
				2A196B431ACAFC4B005DA6B8 /* Frameworks */,
				2A196B441ACAFC4B005DA6B8 /* Resources */,
			);
			buildRules = (
			);
			dependencies = (
				2A196B4C1ACAFC4C005DA6B8 /* PBXTargetDependency */,
			);
			name = "TestingAFNetworking+JSONTests";
			productName = "TestingAFNetworking+JSONTests";
			productReference = 2A196B461ACAFC4B005DA6B8 /* TestingAFNetworking+JSONTests.xctest */;
			productType = "com.apple.product-type.bundle.unit-test";
		};
/* End PBXNativeTarget section */

/* Begin PBXProject section */
		2A196B1D1ACAFC4B005DA6B8 /* Project object */ = {
			isa = PBXProject;
			attributes = {
				CLASSPREFIX = JS;
				LastUpgradeCheck = 0500;
				ORGANIZATIONNAME = "Jasvinder Singh";
				TargetAttributes = {
					2A196B451ACAFC4B005DA6B8 = {
						TestTargetID = 2A196B241ACAFC4B005DA6B8;
					};
				};
			};
			buildConfigurationList = 2A196B201ACAFC4B005DA6B8 /* Build configuration list for PBXProject "TestingAFNetworking+JSON" */;
			compatibilityVersion = "Xcode 3.2";
			developmentRegion = English;
			hasScannedForEncodings = 0;
			knownRegions = (
				en,
				Base,
			);
			mainGroup = 2A196B1C1ACAFC4B005DA6B8;
			productRefGroup = 2A196B261ACAFC4B005DA6B8 /* Products */;
			projectDirPath = "";
			projectRoot = "";
			targets = (
				2A196B241ACAFC4B005DA6B8 /* TestingAFNetworking+JSON */,
				2A196B451ACAFC4B005DA6B8 /* TestingAFNetworking+JSONTests */,
			);
		};
/* End PBXProject section */

/* Begin PBXResourcesBuildPhase section */
		2A196B231ACAFC4B005DA6B8 /* Resources */ = {
			isa = PBXResourcesBuildPhase;
			buildActionMask = 2147483647;
			files = (
				2A196B411ACAFC4B005DA6B8 /* Images.xcassets in Resources */,
				2A196B331ACAFC4B005DA6B8 /* InfoPlist.strings in Resources */,
				2A196B3C1ACAFC4B005DA6B8 /* Main.storyboard in Resources */,
			);
			runOnlyForDeploymentPostprocessing = 0;
		};
		2A196B441ACAFC4B005DA6B8 /* Resources */ = {
			isa = PBXResourcesBuildPhase;
			buildActionMask = 2147483647;
			files = (
				2A196B521ACAFC4C005DA6B8 /* InfoPlist.strings in Resources */,
			);
			runOnlyForDeploymentPostprocessing = 0;
		};
/* End PBXResourcesBuildPhase section */

/* Begin PBXShellScriptBuildPhase section */
		6C87247690451534F1BF82E9 /* Copy Pods Resources */ = {
			isa = PBXShellScriptBuildPhase;
			buildActionMask = 2147483647;
			files = (
			);
			inputPaths = (
			);
			name = "Copy Pods Resources";
			outputPaths = (
			);
			runOnlyForDeploymentPostprocessing = 0;
			shellPath = /bin/sh;
			shellScript = "\"${SRCROOT}/Pods/Target Support Files/Pods-TestingAFNetworking+JSON/Pods-TestingAFNetworking+JSON-resources.sh\"\n";
			showEnvVarsInLog = 0;
		};
		BC970C2EF2518929D6CFC34F /* Check Pods Manifest.lock */ = {
			isa = PBXShellScriptBuildPhase;
			buildActionMask = 2147483647;
			files = (
			);
			inputPaths = (
			);
			name = "Check Pods Manifest.lock";
			outputPaths = (
			);
			runOnlyForDeploymentPostprocessing = 0;
			shellPath = /bin/sh;
			shellScript = "diff \"${PODS_ROOT}/../Podfile.lock\" \"${PODS_ROOT}/Manifest.lock\" > /dev/null\nif [[ $? != 0 ]] ; then\n    cat << EOM\nerror: The sandbox is not in sync with the Podfile.lock. Run 'pod install' or update your CocoaPods installation.\nEOM\n    exit 1\nfi\n";
			showEnvVarsInLog = 0;
		};
/* End PBXShellScriptBuildPhase section */

/* Begin PBXSourcesBuildPhase section */
		2A196B211ACAFC4B005DA6B8 /* Sources */ = {
			isa = PBXSourcesBuildPhase;
			buildActionMask = 2147483647;
			files = (
				2A196B351ACAFC4B005DA6B8 /* main.m in Sources */,
				2A196B3F1ACAFC4B005DA6B8 /* JSViewController.m in Sources */,
				2A196B391ACAFC4B005DA6B8 /* JSAppDelegate.m in Sources */,
			);
			runOnlyForDeploymentPostprocessing = 0;
		};
		2A196B421ACAFC4B005DA6B8 /* Sources */ = {
			isa = PBXSourcesBuildPhase;
			buildActionMask = 2147483647;
			files = (
				2A196B541ACAFC4C005DA6B8 /* TestingAFNetworking_JSONTests.m in Sources */,
			);
			runOnlyForDeploymentPostprocessing = 0;
		};
/* End PBXSourcesBuildPhase section */

/* Begin PBXTargetDependency section */
		2A196B4C1ACAFC4C005DA6B8 /* PBXTargetDependency */ = {
			isa = PBXTargetDependency;
			target = 2A196B241ACAFC4B005DA6B8 /* TestingAFNetworking+JSON */;
			targetProxy = 2A196B4B1ACAFC4C005DA6B8 /* PBXContainerItemProxy */;
		};
/* End PBXTargetDependency section */

/* Begin PBXVariantGroup section */
		2A196B311ACAFC4B005DA6B8 /* InfoPlist.strings */ = {
			isa = PBXVariantGroup;
			children = (
				2A196B321ACAFC4B005DA6B8 /* en */,
			);
			name = InfoPlist.strings;
			sourceTree = "<group>";
		};
		2A196B3A1ACAFC4B005DA6B8 /* Main.storyboard */ = {
			isa = PBXVariantGroup;
			children = (
				2A196B3B1ACAFC4B005DA6B8 /* Base */,
			);
			name = Main.storyboard;
			sourceTree = "<group>";
		};
		2A196B501ACAFC4C005DA6B8 /* InfoPlist.strings */ = {
			isa = PBXVariantGroup;
			children = (
				2A196B511ACAFC4C005DA6B8 /* en */,
			);
			name = InfoPlist.strings;
			sourceTree = "<group>";
		};
/* End PBXVariantGroup section */

/* Begin XCBuildConfiguration section */
		2A196B551ACAFC4C005DA6B8 /* Debug */ = {
			isa = XCBuildConfiguration;
			buildSettings = {
				ALWAYS_SEARCH_USER_PATHS = NO;
				ARCHS = "$(ARCHS_STANDARD_INCLUDING_64_BIT)";
				CLANG_CXX_LANGUAGE_STANDARD = "gnu++0x";
				CLANG_CXX_LIBRARY = "libc++";
				CLANG_ENABLE_MODULES = YES;
				CLANG_ENABLE_OBJC_ARC = YES;
				CLANG_WARN_BOOL_CONVERSION = YES;
				CLANG_WARN_CONSTANT_CONVERSION = YES;
				CLANG_WARN_DIRECT_OBJC_ISA_USAGE = YES_ERROR;
				CLANG_WARN_EMPTY_BODY = YES;
				CLANG_WARN_ENUM_CONVERSION = YES;
				CLANG_WARN_INT_CONVERSION = YES;
				CLANG_WARN_OBJC_ROOT_CLASS = YES_ERROR;
				CLANG_WARN__DUPLICATE_METHOD_MATCH = YES;
				"CODE_SIGN_IDENTITY[sdk=iphoneos*]" = "iPhone Developer";
				COPY_PHASE_STRIP = NO;
				GCC_C_LANGUAGE_STANDARD = gnu99;
				GCC_DYNAMIC_NO_PIC = NO;
				GCC_OPTIMIZATION_LEVEL = 0;
				GCC_PREPROCESSOR_DEFINITIONS = (
					"DEBUG=1",
					"$(inherited)",
				);
				GCC_SYMBOLS_PRIVATE_EXTERN = NO;
				GCC_WARN_64_TO_32_BIT_CONVERSION = YES;
				GCC_WARN_ABOUT_RETURN_TYPE = YES_ERROR;
				GCC_WARN_UNDECLARED_SELECTOR = YES;
				GCC_WARN_UNINITIALIZED_AUTOS = YES;
				GCC_WARN_UNUSED_FUNCTION = YES;
				GCC_WARN_UNUSED_VARIABLE = YES;
				IPHONEOS_DEPLOYMENT_TARGET = 7.0;
				ONLY_ACTIVE_ARCH = YES;
				SDKROOT = iphoneos;
			};
			name = Debug;
		};
		2A196B561ACAFC4C005DA6B8 /* Release */ = {
			isa = XCBuildConfiguration;
			buildSettings = {
				ALWAYS_SEARCH_USER_PATHS = NO;
				ARCHS = "$(ARCHS_STANDARD_INCLUDING_64_BIT)";
				CLANG_CXX_LANGUAGE_STANDARD = "gnu++0x";
				CLANG_CXX_LIBRARY = "libc++";
				CLANG_ENABLE_MODULES = YES;
				CLANG_ENABLE_OBJC_ARC = YES;
				CLANG_WARN_BOOL_CONVERSION = YES;
				CLANG_WARN_CONSTANT_CONVERSION = YES;
				CLANG_WARN_DIRECT_OBJC_ISA_USAGE = YES_ERROR;
				CLANG_WARN_EMPTY_BODY = YES;
				CLANG_WARN_ENUM_CONVERSION = YES;
				CLANG_WARN_INT_CONVERSION = YES;
				CLANG_WARN_OBJC_ROOT_CLASS = YES_ERROR;
				CLANG_WARN__DUPLICATE_METHOD_MATCH = YES;
				"CODE_SIGN_IDENTITY[sdk=iphoneos*]" = "iPhone Developer";
				COPY_PHASE_STRIP = YES;
				ENABLE_NS_ASSERTIONS = NO;
				GCC_C_LANGUAGE_STANDARD = gnu99;
				GCC_WARN_64_TO_32_BIT_CONVERSION = YES;
				GCC_WARN_ABOUT_RETURN_TYPE = YES_ERROR;
				GCC_WARN_UNDECLARED_SELECTOR = YES;
				GCC_WARN_UNINITIALIZED_AUTOS = YES;
				GCC_WARN_UNUSED_FUNCTION = YES;
				GCC_WARN_UNUSED_VARIABLE = YES;
				IPHONEOS_DEPLOYMENT_TARGET = 7.0;
				SDKROOT = iphoneos;
				VALIDATE_PRODUCT = YES;
			};
			name = Release;
		};
		2A196B581ACAFC4C005DA6B8 /* Debug */ = {
			isa = XCBuildConfiguration;
			baseConfigurationReference = 8EB954FE19569EC10AE9D4C2 /* Pods-TestingAFNetworking+JSON.debug.xcconfig */;
			buildSettings = {
				ASSETCATALOG_COMPILER_APPICON_NAME = AppIcon;
				ASSETCATALOG_COMPILER_LAUNCHIMAGE_NAME = LaunchImage;
				GCC_PRECOMPILE_PREFIX_HEADER = YES;
				GCC_PREFIX_HEADER = "TestingAFNetworking+JSON/TestingAFNetworking+JSON-Prefix.pch";
				INFOPLIST_FILE = "TestingAFNetworking+JSON/TestingAFNetworking+JSON-Info.plist";
				PRODUCT_NAME = "$(TARGET_NAME)";
				WRAPPER_EXTENSION = app;
			};
			name = Debug;
		};
		2A196B591ACAFC4C005DA6B8 /* Release */ = {
			isa = XCBuildConfiguration;
			baseConfigurationReference = 8090557388B6A4DE283B1D18 /* Pods-TestingAFNetworking+JSON.release.xcconfig */;
			buildSettings = {
				ASSETCATALOG_COMPILER_APPICON_NAME = AppIcon;
				ASSETCATALOG_COMPILER_LAUNCHIMAGE_NAME = LaunchImage;
				GCC_PRECOMPILE_PREFIX_HEADER = YES;
				GCC_PREFIX_HEADER = "TestingAFNetworking+JSON/TestingAFNetworking+JSON-Prefix.pch";
				INFOPLIST_FILE = "TestingAFNetworking+JSON/TestingAFNetworking+JSON-Info.plist";
				PRODUCT_NAME = "$(TARGET_NAME)";
				WRAPPER_EXTENSION = app;
			};
			name = Release;
		};
		2A196B5B1ACAFC4C005DA6B8 /* Debug */ = {
			isa = XCBuildConfiguration;
			buildSettings = {
				ARCHS = "$(ARCHS_STANDARD_INCLUDING_64_BIT)";
				BUNDLE_LOADER = "$(BUILT_PRODUCTS_DIR)/TestingAFNetworking+JSON.app/TestingAFNetworking+JSON";
				FRAMEWORK_SEARCH_PATHS = (
					"$(SDKROOT)/Developer/Library/Frameworks",
					"$(inherited)",
					"$(DEVELOPER_FRAMEWORKS_DIR)",
				);
				GCC_PRECOMPILE_PREFIX_HEADER = YES;
				GCC_PREFIX_HEADER = "TestingAFNetworking+JSON/TestingAFNetworking+JSON-Prefix.pch";
				GCC_PREPROCESSOR_DEFINITIONS = (
					"DEBUG=1",
					"$(inherited)",
				);
				INFOPLIST_FILE = "TestingAFNetworking+JSONTests/TestingAFNetworking+JSONTests-Info.plist";
				PRODUCT_NAME = "$(TARGET_NAME)";
				TEST_HOST = "$(BUNDLE_LOADER)";
				WRAPPER_EXTENSION = xctest;
			};
			name = Debug;
		};
		2A196B5C1ACAFC4C005DA6B8 /* Release */ = {
			isa = XCBuildConfiguration;
			buildSettings = {
				ARCHS = "$(ARCHS_STANDARD_INCLUDING_64_BIT)";
				BUNDLE_LOADER = "$(BUILT_PRODUCTS_DIR)/TestingAFNetworking+JSON.app/TestingAFNetworking+JSON";
				FRAMEWORK_SEARCH_PATHS = (
					"$(SDKROOT)/Developer/Library/Frameworks",
					"$(inherited)",
					"$(DEVELOPER_FRAMEWORKS_DIR)",
				);
				GCC_PRECOMPILE_PREFIX_HEADER = YES;
				GCC_PREFIX_HEADER = "TestingAFNetworking+JSON/TestingAFNetworking+JSON-Prefix.pch";
				INFOPLIST_FILE = "TestingAFNetworking+JSONTests/TestingAFNetworking+JSONTests-Info.plist";
				PRODUCT_NAME = "$(TARGET_NAME)";
				TEST_HOST = "$(BUNDLE_LOADER)";
				WRAPPER_EXTENSION = xctest;
			};
			name = Release;
		};
/* End XCBuildConfiguration section */

/* Begin XCConfigurationList section */
		2A196B201ACAFC4B005DA6B8 /* Build configuration list for PBXProject "TestingAFNetworking+JSON" */ = {
			isa = XCConfigurationList;
			buildConfigurations = (
				2A196B551ACAFC4C005DA6B8 /* Debug */,
				2A196B561ACAFC4C005DA6B8 /* Release */,
			);
			defaultConfigurationIsVisible = 0;
			defaultConfigurationName = Release;
		};
		2A196B571ACAFC4C005DA6B8 /* Build configuration list for PBXNativeTarget "TestingAFNetworking+JSON" */ = {
			isa = XCConfigurationList;
			buildConfigurations = (
				2A196B581ACAFC4C005DA6B8 /* Debug */,
				2A196B591ACAFC4C005DA6B8 /* Release */,
			);
			defaultConfigurationIsVisible = 0;
			defaultConfigurationName = Release;
		};
		2A196B5A1ACAFC4C005DA6B8 /* Build configuration list for PBXNativeTarget "TestingAFNetworking+JSONTests" */ = {
			isa = XCConfigurationList;
			buildConfigurations = (
				2A196B5B1ACAFC4C005DA6B8 /* Debug */,
				2A196B5C1ACAFC4C005DA6B8 /* Release */,
			);
			defaultConfigurationIsVisible = 0;
			defaultConfigurationName = Release;
		};
/* End XCConfigurationList section */
	};
	rootObject = 2A196B1D1ACAFC4B005DA6B8 /* Project object */;
}
